
Microsoft Visual Studio Solution File, Format Version 12.00
# Visual Studio Version 17
VisualStudioVersion = 17.9.34723.18
MinimumVisualStudioVersion = 10.0.40219.1
Project("{FAE04EC0-301F-11D3-BF4B-00C04F79EFBC}") = "MauiApp1", "MauiApp1\MauiApp1.csproj", "{650ED107-6E5F-4E5C-B7FD-482ED3B3E3BF}"
EndProject
Global
	GlobalSection(SolutionConfigurationPlatforms) = preSolution
		Debug|Any CPU = Debug|Any CPU
		Release|Any CPU = Release|Any CPU
	EndGlobalSection
	GlobalSection(ProjectConfigurationPlatforms) = postSolution
		{650ED107-6E5F-4E5C-B7FD-482ED3B3E3BF}.Debug|Any CPU.ActiveCfg = Debug|Any CPU
		{650ED107-6E5F-4E5C-B7FD-482ED3B3E3BF}.Debug|Any CPU.Build.0 = Debug|Any CPU
		{650ED107-6E5F-4E5C-B7FD-482ED3B3E3BF}.Debug|Any CPU.Deploy.0 = Debug|Any CPU
		{650ED107-6E5F-4E5C-B7FD-482ED3B3E3BF}.Release|Any CPU.ActiveCfg = Release|Any CPU
		{650ED107-6E5F-4E5C-B7FD-482ED3B3E3BF}.Release|Any CPU.Build.0 = Release|Any CPU
		{650ED107-6E5F-4E5C-B7FD-482ED3B3E3BF}.Release|Any CPU.Deploy.0 = Release|Any CPU
	EndGlobalSection
	GlobalSection(SolutionProperties) = preSolution
		HideSolutionNode = FALSE
	EndGlobalSection
	GlobalSection(ExtensibilityGlobals) = postSolution
		SolutionGuid = {B7E4287B-6614-45C7-8106-41ADA5E7037D}
	EndGlobalSection
EndGlobal
